// !$*UTF8*$!
{
	archiveVersion = 1;
	classes = {
	};
	objectVersion = 46;
	objects = {

/* Begin PBXBuildFile section */
		DFF5CA8A1EEAEA43004F559C /* AppDelegate.swift in Sources */ = {isa = PBXBuildFile; fileRef = DFF5CA891EEAEA43004F559C /* AppDelegate.swift */; };
		DFF5CA8C1EEAEA43004F559C /* MasterViewController.swift in Sources */ = {isa = PBXBuildFile; fileRef = DFF5CA8B1EEAEA43004F559C /* MasterViewController.swift */; };
		DFF5CA911EEAEA43004F559C /* Main.storyboard in Resources */ = {isa = PBXBuildFile; fileRef = DFF5CA8F1EEAEA43004F559C /* Main.storyboard */; };
		DFF5CA931EEAEA43004F559C /* Assets.xcassets in Resources */ = {isa = PBXBuildFile; fileRef = DFF5CA921EEAEA43004F559C /* Assets.xcassets */; };
		DFF5CA961EEAEA43004F559C /* LaunchScreen.storyboard in Resources */ = {isa = PBXBuildFile; fileRef = DFF5CA941EEAEA43004F559C /* LaunchScreen.storyboard */; };
		DFF5CA9E1EEAF192004F559C /* DetailViewController.swift in Sources */ = {isa = PBXBuildFile; fileRef = DFF5CA9D1EEAF192004F559C /* DetailViewController.swift */; };
		DFF5CAA01EEAF5A0004F559C /* emoji.json in Resources */ = {isa = PBXBuildFile; fileRef = DFF5CA9F1EEAF5A0004F559C /* emoji.json */; };
		DFF5CAA21EEAF5C7004F559C /* speech.json in Resources */ = {isa = PBXBuildFile; fileRef = DFF5CAA11EEAF5C7004F559C /* speech.json */; };
/* End PBXBuildFile section */

/* Begin PBXFileReference section */
		DFF5CA861EEAEA43004F559C /* SMEShake.app */ = {isa = PBXFileReference; explicitFileType = wrapper.application; includeInIndex = 0; path = SMEShake.app; sourceTree = BUILT_PRODUCTS_DIR; };
		DFF5CA891EEAEA43004F559C /* AppDelegate.swift */ = {isa = PBXFileReference; lastKnownFileType = sourcecode.swift; path = AppDelegate.swift; sourceTree = "<group>"; };
		DFF5CA8B1EEAEA43004F559C /* MasterViewController.swift */ = {isa = PBXFileReference; lastKnownFileType = sourcecode.swift; path = MasterViewController.swift; sourceTree = "<group>"; };
		DFF5CA901EEAEA43004F559C /* Base */ = {isa = PBXFileReference; lastKnownFileType = file.storyboard; name = Base; path = Base.lproj/Main.storyboard; sourceTree = "<group>"; };
		DFF5CA921EEAEA43004F559C /* Assets.xcassets */ = {isa = PBXFileReference; lastKnownFileType = folder.assetcatalog; path = Assets.xcassets; sourceTree = "<group>"; };
		DFF5CA951EEAEA43004F559C /* Base */ = {isa = PBXFileReference; lastKnownFileType = file.storyboard; name = Base; path = Base.lproj/LaunchScreen.storyboard; sourceTree = "<group>"; };
		DFF5CA971EEAEA43004F559C /* Info.plist */ = {isa = PBXFileReference; lastKnownFileType = text.plist.xml; path = Info.plist; sourceTree = "<group>"; };
		DFF5CA9D1EEAF192004F559C /* DetailViewController.swift */ = {isa = PBXFileReference; fileEncoding = 4; lastKnownFileType = sourcecode.swift; path = DetailViewController.swift; sourceTree = "<group>"; };
		DFF5CA9F1EEAF5A0004F559C /* emoji.json */ = {isa = PBXFileReference; fileEncoding = 4; lastKnownFileType = text.json; path = emoji.json; sourceTree = "<group>"; };
		DFF5CAA11EEAF5C7004F559C /* speech.json */ = {isa = PBXFileReference; fileEncoding = 4; lastKnownFileType = text.json; path = speech.json; sourceTree = "<group>"; };
/* End PBXFileReference section */

/* Begin PBXFrameworksBuildPhase section */
		DFF5CA831EEAEA43004F559C /* Frameworks */ = {
			isa = PBXFrameworksBuildPhase;
			buildActionMask = 2147483647;
			files = (
			);
			runOnlyForDeploymentPostprocessing = 0;
		};
/* End PBXFrameworksBuildPhase section */

/* Begin PBXGroup section */
		DFF5CA7D1EEAEA43004F559C = {
			isa = PBXGroup;
			children = (
				DFF5CA881EEAEA43004F559C /* SMEShake */,
				DFF5CA871EEAEA43004F559C /* Products */,
			);
			sourceTree = "<group>";
		};
		DFF5CA871EEAEA43004F559C /* Products */ = {
			isa = PBXGroup;
			children = (
				DFF5CA861EEAEA43004F559C /* SMEShake.app */,
			);
			name = Products;
			sourceTree = "<group>";
		};
		DFF5CA881EEAEA43004F559C /* SMEShake */ = {
			isa = PBXGroup;
			children = (
				DFF5CA891EEAEA43004F559C /* AppDelegate.swift */,
				DFF5CA8B1EEAEA43004F559C /* MasterViewController.swift */,
				DFF5CA8F1EEAEA43004F559C /* Main.storyboard */,
				DFF5CA921EEAEA43004F559C /* Assets.xcassets */,
				DFF5CA941EEAEA43004F559C /* LaunchScreen.storyboard */,
				DFF5CA971EEAEA43004F559C /* Info.plist */,
				DFF5CA9D1EEAF192004F559C /* DetailViewController.swift */,
				DFF5CA9F1EEAF5A0004F559C /* emoji.json */,
				DFF5CAA11EEAF5C7004F559C /* speech.json */,
			);
			path = SMEShake;
			sourceTree = "<group>";
		};
/* End PBXGroup section */

/* Begin PBXNativeTarget section */
		DFF5CA851EEAEA43004F559C /* SMEShake */ = {
			isa = PBXNativeTarget;
			buildConfigurationList = DFF5CA9A1EEAEA43004F559C /* Build configuration list for PBXNativeTarget "SMEShake" */;
			buildPhases = (
				DFF5CA821EEAEA43004F559C /* Sources */,
				DFF5CA831EEAEA43004F559C /* Frameworks */,
				DFF5CA841EEAEA43004F559C /* Resources */,
			);
			buildRules = (
			);
			dependencies = (
			);
			name = SMEShake;
			productName = SMEShake;
			productReference = DFF5CA861EEAEA43004F559C /* SMEShake.app */;
			productType = "com.apple.product-type.application";
		};
/* End PBXNativeTarget section */

/* Begin PBXProject section */
		DFF5CA7E1EEAEA43004F559C /* Project object */ = {
			isa = PBXProject;
			attributes = {
				LastSwiftUpdateCheck = 0830;
				LastUpgradeCheck = 0830;
				ORGANIZATIONNAME = "ING BANK";
				TargetAttributes = {
					DFF5CA851EEAEA43004F559C = {
						CreatedOnToolsVersion = 8.3.2;
						DevelopmentTeam = 2GKG6WK3GH;
						ProvisioningStyle = Automatic;
					};
				};
			};
			buildConfigurationList = DFF5CA811EEAEA43004F559C /* Build configuration list for PBXProject "SMEShake" */;
			compatibilityVersion = "Xcode 3.2";
			developmentRegion = English;
			hasScannedForEncodings = 0;
			knownRegions = (
				en,
				Base,
			);
			mainGroup = DFF5CA7D1EEAEA43004F559C;
			productRefGroup = DFF5CA871EEAEA43004F559C /* Products */;
			projectDirPath = "";
			projectRoot = "";
			targets = (
				DFF5CA851EEAEA43004F559C /* SMEShake */,
			);
		};
/* End PBXProject section */

/* Begin PBXResourcesBuildPhase section */
		DFF5CA841EEAEA43004F559C /* Resources */ = {
			isa = PBXResourcesBuildPhase;
			buildActionMask = 2147483647;
			files = (
				DFF5CAA21EEAF5C7004F559C /* speech.json in Resources */,
				DFF5CA961EEAEA43004F559C /* LaunchScreen.storyboard in Resources */,
				DFF5CAA01EEAF5A0004F559C /* emoji.json in Resources */,
				DFF5CA931EEAEA43004F559C /* Assets.xcassets in Resources */,
				DFF5CA911EEAEA43004F559C /* Main.storyboard in Resources */,
			);
			runOnlyForDeploymentPostprocessing = 0;
		};
/* End PBXResourcesBuildPhase section */

/* Begin PBXSourcesBuildPhase section */
		DFF5CA821EEAEA43004F559C /* Sources */ = {
			isa = PBXSourcesBuildPhase;
			buildActionMask = 2147483647;
			files = (
				DFF5CA9E1EEAF192004F559C /* DetailViewController.swift in Sources */,
				DFF5CA8C1EEAEA43004F559C /* MasterViewController.swift in Sources */,
				DFF5CA8A1EEAEA43004F559C /* AppDelegate.swift in Sources */,
			);
			runOnlyForDeploymentPostprocessing = 0;
		};
/* End PBXSourcesBuildPhase section */

/* Begin PBXVariantGroup section */
		DFF5CA8F1EEAEA43004F559C /* Main.storyboard */ = {
			isa = PBXVariantGroup;
			children = (
				DFF5CA901EEAEA43004F559C /* Base */,
			);
			name = Main.storyboard;
			sourceTree = "<group>";
		};
		DFF5CA941EEAEA43004F559C /* LaunchScreen.storyboard */ = {
			isa = PBXVariantGroup;
			children = (
				DFF5CA951EEAEA43004F559C /* Base */,
			);
			name = LaunchScreen.storyboard;
			sourceTree = "<group>";
		};
/* End PBXVariantGroup section */

/* Begin XCBuildConfiguration section */
		DFF5CA981EEAEA43004F559C /* Debug */ = {
			isa = XCBuildConfiguration;
			buildSettings = {
				ALWAYS_SEARCH_USER_PATHS = NO;
				CLANG_ANALYZER_NONNULL = YES;
				CLANG_ANALYZER_NUMBER_OBJECT_CONVERSION = YES_AGGRESSIVE;
				CLANG_CXX_LANGUAGE_STANDARD = "gnu++0x";
				CLANG_CXX_LIBRARY = "libc++";
				CLANG_ENABLE_MODULES = YES;
				CLANG_ENABLE_OBJC_ARC = YES;
				CLANG_WARN_BOOL_CONVERSION = YES;
				CLANG_WARN_CONSTANT_CONVERSION = YES;
				CLANG_WARN_DIRECT_OBJC_ISA_USAGE = YES_ERROR;
				CLANG_WARN_DOCUMENTATION_COMMENTS = YES;
				CLANG_WARN_EMPTY_BODY = YES;
				CLANG_WARN_ENUM_CONVERSION = YES;
				CLANG_WARN_INFINITE_RECURSION = YES;
				CLANG_WARN_INT_CONVERSION = YES;
				CLANG_WARN_OBJC_ROOT_CLASS = YES_ERROR;
				CLANG_WARN_SUSPICIOUS_MOVE = YES;
				CLANG_WARN_UNREACHABLE_CODE = YES;
				CLANG_WARN__DUPLICATE_METHOD_MATCH = YES;
				"CODE_SIGN_IDENTITY[sdk=iphoneos*]" = "iPhone Developer";
				COPY_PHASE_STRIP = NO;
				DEBUG_INFORMATION_FORMAT = dwarf;
				ENABLE_STRICT_OBJC_MSGSEND = YES;
				ENABLE_TESTABILITY = YES;
				GCC_C_LANGUAGE_STANDARD = gnu99;
				GCC_DYNAMIC_NO_PIC = NO;
				GCC_NO_COMMON_BLOCKS = YES;
				GCC_OPTIMIZATION_LEVEL = 0;
				GCC_PREPROCESSOR_DEFINITIONS = (
					"DEBUG=1",
					"$(inherited)",
				);
				GCC_WARN_64_TO_32_BIT_CONVERSION = YES;
				GCC_WARN_ABOUT_RETURN_TYPE = YES_ERROR;
				GCC_WARN_UNDECLARED_SELECTOR = YES;
				GCC_WARN_UNINITIALIZED_AUTOS = YES_AGGRESSIVE;
				GCC_WARN_UNUSED_FUNCTION = YES;
				GCC_WARN_UNUSED_VARIABLE = YES;
				IPHONEOS_DEPLOYMENT_TARGET = 10.3;
				MTL_ENABLE_DEBUG_INFO = YES;
				ONLY_ACTIVE_ARCH = YES;
				SDKROOT = iphoneos;
				SWIFT_ACTIVE_COMPILATION_CONDITIONS = DEBUG;
				SWIFT_OPTIMIZATION_LEVEL = "-Onone";
			};
			name = Debug;
		};
		DFF5CA991EEAEA43004F559C /* Release */ = {
			isa = XCBuildConfiguration;
			buildSettings = {
				ALWAYS_SEARCH_USER_PATHS = NO;
				CLANG_ANALYZER_NONNULL = YES;
				CLANG_ANALYZER_NUMBER_OBJECT_CONVERSION = YES_AGGRESSIVE;
				CLANG_CXX_LANGUAGE_STANDARD = "gnu++0x";
				CLANG_CXX_LIBRARY = "libc++";
				CLANG_ENABLE_MODULES = YES;
				CLANG_ENABLE_OBJC_ARC = YES;
				CLANG_WARN_BOOL_CONVERSION = YES;
				CLANG_WARN_CONSTANT_CONVERSION = YES;
				CLANG_WARN_DIRECT_OBJC_ISA_USAGE = YES_ERROR;
				CLANG_WARN_DOCUMENTATION_COMMENTS = YES;
				CLANG_WARN_EMPTY_BODY = YES;
				CLANG_WARN_ENUM_CONVERSION = YES;
				CLANG_WARN_INFINITE_RECURSION = YES;
				CLANG_WARN_INT_CONVERSION = YES;
				CLANG_WARN_OBJC_ROOT_CLASS = YES_ERROR;
				CLANG_WARN_SUSPICIOUS_MOVE = YES;
				CLANG_WARN_UNREACHABLE_CODE = YES;
				CLANG_WARN__DUPLICATE_METHOD_MATCH = YES;
				"CODE_SIGN_IDENTITY[sdk=iphoneos*]" = "iPhone Developer";
				COPY_PHASE_STRIP = NO;
				DEBUG_INFORMATION_FORMAT = "dwarf-with-dsym";
				ENABLE_NS_ASSERTIONS = NO;
				ENABLE_STRICT_OBJC_MSGSEND = YES;
				GCC_C_LANGUAGE_STANDARD = gnu99;
				GCC_NO_COMMON_BLOCKS = YES;
				GCC_WARN_64_TO_32_BIT_CONVERSION = YES;
				GCC_WARN_ABOUT_RETURN_TYPE = YES_ERROR;
				GCC_WARN_UNDECLARED_SELECTOR = YES;
				GCC_WARN_UNINITIALIZED_AUTOS = YES_AGGRESSIVE;
				GCC_WARN_UNUSED_FUNCTION = YES;
				GCC_WARN_UNUSED_VARIABLE = YES;
				IPHONEOS_DEPLOYMENT_TARGET = 10.3;
				MTL_ENABLE_DEBUG_INFO = NO;
				SDKROOT = iphoneos;
				SWIFT_OPTIMIZATION_LEVEL = "-Owholemodule";
				VALIDATE_PRODUCT = YES;
			};
			name = Release;
		};
		DFF5CA9B1EEAEA43004F559C /* Debug */ = {
			isa = XCBuildConfiguration;
			buildSettings = {
				ASSETCATALOG_COMPILER_APPICON_NAME = AppIcon;
				DEVELOPMENT_TEAM = 2GKG6WK3GH;
				INFOPLIST_FILE = SMEShake/Info.plist;
				IPHONEOS_DEPLOYMENT_TARGET = 9.0;
				LD_RUNPATH_SEARCH_PATHS = "$(inherited) @executable_path/Frameworks";
				PRODUCT_BUNDLE_IDENTIFIER = com.ingbanktr.SMEShake;
				PRODUCT_NAME = "$(TARGET_NAME)";
				SWIFT_VERSION = 3.0;
			};
			name = Debug;
		};
		DFF5CA9C1EEAEA43004F559C /* Release */ = {
			isa = XCBuildConfiguration;
			buildSettings = {
				ASSETCATALOG_COMPILER_APPICON_NAME = AppIcon;
				DEVELOPMENT_TEAM = 2GKG6WK3GH;
				INFOPLIST_FILE = SMEShake/Info.plist;
				IPHONEOS_DEPLOYMENT_TARGET = 9.0;
				LD_RUNPATH_SEARCH_PATHS = "$(inherited) @executable_path/Frameworks";
				PRODUCT_BUNDLE_IDENTIFIER = com.ingbanktr.SMEShake;
				PRODUCT_NAME = "$(TARGET_NAME)";
				SWIFT_VERSION = 3.0;
			};
			name = Release;
		};
/* End XCBuildConfiguration section */

/* Begin XCConfigurationList section */
		DFF5CA811EEAEA43004F559C /* Build configuration list for PBXProject "SMEShake" */ = {
			isa = XCConfigurationList;
			buildConfigurations = (
				DFF5CA981EEAEA43004F559C /* Debug */,
				DFF5CA991EEAEA43004F559C /* Release */,
			);
			defaultConfigurationIsVisible = 0;
			defaultConfigurationName = Release;
		};
		DFF5CA9A1EEAEA43004F559C /* Build configuration list for PBXNativeTarget "SMEShake" */ = {
			isa = XCConfigurationList;
			buildConfigurations = (
				DFF5CA9B1EEAEA43004F559C /* Debug */,
				DFF5CA9C1EEAEA43004F559C /* Release */,
			);
			defaultConfigurationIsVisible = 0;
		};
/* End XCConfigurationList section */
	};
	rootObject = DFF5CA7E1EEAEA43004F559C /* Project object */;
}
